<?xml version="1.0" encoding="utf-8"?>
<Project ToolsVersion="4.0" xmlns="http://schemas.microsoft.com/developer/msbuild/2003">
  <ItemGroup>
    <Filter Include="Source Files">
      <UniqueIdentifier>{4FC737F1-C7A5-4376-A066-2A32D752A2FF}</UniqueIdentifier>
      <Extensions>cpp;c;cc;cxx;c++;cppm;ixx;def;odl;idl;hpj;bat;asm;asmx</Extensions>
    </Filter>
    <Filter Include="Header Files">
      <UniqueIdentifier>{93995380-89BD-4b04-88EB-625FBE52EBFB}</UniqueIdentifier>
      <Extensions>h;hh;hpp;hxx;h++;hm;inl;inc;ipp;xsd</Extensions>
    </Filter>
    <Filter Include="Resource Files">
      <UniqueIdentifier>{67DA6AB6-F800-4c08-8B7A-83BB121AAD01}</UniqueIdentifier>
      <Extensions>rc;ico;cur;bmp;dlg;rc2;rct;bin;rgs;gif;jpg;jpeg;jpe;resx;tiff;tif;png;wav;mfcribbon-ms</Extensions>
    </Filter>
  </ItemGroup>
  <ItemGroup>
    <ClCompile Include="main.cpp">
      <Filter>Source Files</Filter>
    </ClCompile>
    <ClCompile Include="Game.cpp">
      <Filter>Source Files</Filter>
    </ClCompile>
    <ClCompile Include="Player.cpp">
      <Filter>Source Files</Filter>
    </ClCompile>
    <ClCompile Include="Terrain.cpp">
      <Filter>Source Files</Filter>
    </ClCompile>
    <ClCompile Include="Background.cpp">
      <Filter>Source Files</Filter>
    </ClCompile>
    <ClCompile Include="Health.cpp">
      <Filter>Source Files</Filter>
    </ClCompile>
    <ClCompile Include="Score.cpp">
      <Filter>Source Files</Filter>
    </ClCompile>
    <ClCompile Include="userInterface.cpp">
      <Filter>Source Files</Filter>
    </ClCompile>
    <ClCompile Include="Obstacles.cpp">
      <Filter>Source Files</Filter>
    </ClCompile>
  </ItemGroup>
  <ItemGroup>
    <ClInclude Include="Game.h">
      <Filter>Header Files</Filter>
    </ClInclude>
    <ClInclude Include="Player.h">
      <Filter>Header Files</Filter>
    </ClInclude>
    <ClInclude Include="Terrain.h">
      <Filter>Header Files</Filter>
    </ClInclude>
    <ClInclude Include="Background.h">
      <Filter>Header Files</Filter>
    </ClInclude>
    <ClInclude Include="Health.h">
      <Filter>Header Files</Filter>
    </ClInclude>
    <ClInclude Include="Score.h">
      <Filter>Header Files</Filter>
    </ClInclude>
    <ClInclude Include="userInterface.h">
      <Filter>Header Files</Filter>
    </ClInclude>
    <ClInclude Include="Obstacles.h">
      <Filter>Header Files</Filter>
    </ClInclude>
  </ItemGroup>
  <ItemGroup>
    <Image Include="textures\x64\obstacles\bird.png">
      <Filter>Resource Files</Filter>
    </Image>
    <Image Include="textures\x64\obstacles\cloud-1.png">
      <Filter>Resource Files</Filter>
    </Image>
    <Image Include="textures\x64\obstacles\cloud-2.png">
      <Filter>Resource Files</Filter>
    </Image>
    <Image Include="textures\x64\obstacles\cloud-3.png">
      <Filter>Resource Files</Filter>
    </Image>
    <Image Include="textures\x64\obstacles\rain-2.gif">
      <Filter>Resource Files</Filter>
    </Image>
    <Image Include="textures\x64\obstacles\rain-2-1.png">
      <Filter>Resource Files</Filter>
    </Image>
    <Image Include="textures\x64\obstacles\rain-2-2.png">
      <Filter>Resource Files</Filter>
    </Image>
    <Image Include="textures\x64\obstacles\rain-2-3.png">
      <Filter>Resource Files</Filter>
    </Image>
    <Image Include="textures\x64\obstacles\rain-2-4.png">
      <Filter>Resource Files</Filter>
    </Image>
    <Image Include="textures\x64\obstacles\rain-3.gif">
      <Filter>Resource Files</Filter>
    </Image>
    <Image Include="textures\x64\obstacles\rain-3-1.png">
      <Filter>Resource Files</Filter>
    </Image>
    <Image Include="textures\x64\obstacles\rain-3-2.png">
      <Filter>Resource Files</Filter>
    </Image>
    <Image Include="textures\x64\obstacles\rain-3-3.png">
      <Filter>Resource Files</Filter>
    </Image>
    <Image Include="textures\x64\obstacles\rain-3-4.png">
      <Filter>Resource Files</Filter>
    </Image>
    <Image Include="textures\x64\player\balloon.gif">
      <Filter>Resource Files</Filter>
    </Image>
    <Image Include="textures\x64\player\balloon-1.png">
      <Filter>Resource Files</Filter>
    </Image>
    <Image Include="textures\x64\player\balloon-2.png">
      <Filter>Resource Files</Filter>
    </Image>
    <Image Include="textures\x64\player\balloon-3.png">
      <Filter>Resource Files</Filter>
    </Image>
    <Image Include="textures\x64\player\balloon-4.png">
      <Filter>Resource Files</Filter>
    </Image>
    <Image Include="textures\x64\player\balloon-5.png">
      <Filter>Resource Files</Filter>
    </Image>
    <Image Include="textures\x64\player\balloon-6.png">
      <Filter>Resource Files</Filter>
    </Image>
    <Image Include="textures\x64\player\balloon-7.png">
      <Filter>Resource Files</Filter>
    </Image>
    <Image Include="textures\x64\player\balloon-8.png">
      <Filter>Resource Files</Filter>
    </Image>
    <Image Include="textures\x64\digits\2.png">
      <Filter>Resource Files</Filter>
    </Image>
    <Image Include="textures\x64\digits\3.png">
      <Filter>Resource Files</Filter>
    </Image>
    <Image Include="textures\x64\digits\4.png">
      <Filter>Resource Files</Filter>
    </Image>
    <Image Include="textures\x64\digits\5.png">
      <Filter>Resource Files</Filter>
    </Image>
    <Image Include="textures\x64\digits\6.png">
      <Filter>Resource Files</Filter>
    </Image>
    <Image Include="textures\x64\digits\7.png">
      <Filter>Resource Files</Filter>
    </Image>
    <Image Include="textures\x64\digits\8.png">
      <Filter>Resource Files</Filter>
    </Image>
    <Image Include="textures\x64\digits\9.png">
      <Filter>Resource Files</Filter>
    </Image>
    <Image Include="textures\x64\digits\1.png">
      <Filter>Resource Files</Filter>
    </Image>
    <Image Include="textures\x64\digits\0.png">
      <Filter>Resource Files</Filter>
    </Image>
    <Image Include="textures\x64\hearts\heart-empty.png">
      <Filter>Resource Files</Filter>
    </Image>
    <Image Include="textures\x64\hearts\heart.png">
      <Filter>Resource Files</Filter>
    </Image>
  </ItemGroup>
  <ItemGroup>
    <None Include=".gitignore" />
  </ItemGroup>
</Project>